
Microsoft Visual Studio Solution File, Format Version 12.00
# Visual Studio Version 17
VisualStudioVersion = 17.8.34330.188
MinimumVisualStudioVersion = 10.0.40219.1
Project("{FAE04EC0-301F-11D3-BF4B-00C04F79EFBC}") = "MyDotnetApi", "MyDotnetApi\MyDotnetApi.csproj", "{62845EE4-A735-4627-803C-B8BAF93249F0}"
EndProject
Global
	GlobalSection(SolutionConfigurationPlatforms) = preSolution
		Debug|Any CPU = Debug|Any CPU
		Release|Any CPU = Release|Any CPU
	EndGlobalSection
	GlobalSection(ProjectConfigurationPlatforms) = postSolution
		{62845EE4-A735-4627-803C-B8BAF93249F0}.Debug|Any CPU.ActiveCfg = Debug|Any CPU
		{62845EE4-A735-4627-803C-B8BAF93249F0}.Debug|Any CPU.Build.0 = Debug|Any CPU
		{62845EE4-A735-4627-803C-B8BAF93249F0}.Release|Any CPU.ActiveCfg = Release|Any CPU
		{62845EE4-A735-4627-803C-B8BAF93249F0}.Release|Any CPU.Build.0 = Release|Any CPU
	EndGlobalSection
	GlobalSection(SolutionProperties) = preSolution
		HideSolutionNode = FALSE
	EndGlobalSection
	GlobalSection(ExtensibilityGlobals) = postSolution
		SolutionGuid = {DCDF0847-29FE-4FFB-AC65-1BC7FF118A75}
	EndGlobalSection
EndGlobal
